
Microsoft Visual Studio Solution File, Format Version 12.00
# Visual Studio Version 17
VisualStudioVersion = 17.2.32602.215
MinimumVisualStudioVersion = 10.0.40219.1
Project("{9A19103F-16F7-4668-BE54-9A1E7A4F7556}") = "LoudPizza", "LoudPizza\LoudPizza.csproj", "{9A77CC06-8F59-4C6F-A4D0-DB996ED6D702}"
EndProject
Project("{9A19103F-16F7-4668-BE54-9A1E7A4F7556}") = "LoudPizza.Vorbis", "LoudPizza.Vorbis\LoudPizza.Vorbis.csproj", "{B38584DF-11DB-4B38-A65A-EAD46ED4C589}"
EndProject
Project("{9A19103F-16F7-4668-BE54-9A1E7A4F7556}") = "LoudPizza.Mp3", "LoudPizza.Mp3\LoudPizza.Mp3.csproj", "{BDA224D5-3DD3-45FE-87CE-FB2B0918BE6D}"
EndProject
Project("{FAE04EC0-301F-11D3-BF4B-00C04F79EFBC}") = "LoudPizza.Backends.OpenAL", "LoudPizza.Backends.OpenAL\LoudPizza.Backends.OpenAL.csproj", "{065E027D-44F2-4136-9293-4360805F738D}"
EndProject
Project("{FAE04EC0-301F-11D3-BF4B-00C04F79EFBC}") = "LoudPizza.Backends.Shared", "LoudPizza.Backends.Shared\LoudPizza.Backends.Shared.csproj", "{A91A525F-7265-4E89-A64F-39E793B26C59}"
EndProject
Project("{FAE04EC0-301F-11D3-BF4B-00C04F79EFBC}") = "LoudPizza.Test", "LoudPizza.Test\LoudPizza.Test.csproj", "{781BD80D-9571-4A9E-A98D-DC03E09F9C4F}"
EndProject
Project("{2150E333-8FDC-42A3-9474-1A3956D46DE8}") = "Backends", "Backends", "{1A402FCD-AF30-436A-AEB6-30D1C65C7D14}"
EndProject
Project("{FAE04EC0-301F-11D3-BF4B-00C04F79EFBC}") = "LoudPizza.Backends.SDL2", "LoudPizza.Backends.SDL2\LoudPizza.Backends.SDL2.csproj", "{86DA4DDF-E3D3-41CC-AF74-A6E1E8F06064}"
EndProject
Global
	GlobalSection(SolutionConfigurationPlatforms) = preSolution
		Debug|Any CPU = Debug|Any CPU
		Release|Any CPU = Release|Any CPU
	EndGlobalSection
	GlobalSection(ProjectConfigurationPlatforms) = postSolution
		{9A77CC06-8F59-4C6F-A4D0-DB996ED6D702}.Debug|Any CPU.ActiveCfg = Debug|Any CPU
		{9A77CC06-8F59-4C6F-A4D0-DB996ED6D702}.Debug|Any CPU.Build.0 = Debug|Any CPU
		{9A77CC06-8F59-4C6F-A4D0-DB996ED6D702}.Release|Any CPU.ActiveCfg = Release|Any CPU
		{9A77CC06-8F59-4C6F-A4D0-DB996ED6D702}.Release|Any CPU.Build.0 = Release|Any CPU
		{B38584DF-11DB-4B38-A65A-EAD46ED4C589}.Debug|Any CPU.ActiveCfg = Debug|Any CPU
		{B38584DF-11DB-4B38-A65A-EAD46ED4C589}.Debug|Any CPU.Build.0 = Debug|Any CPU
		{B38584DF-11DB-4B38-A65A-EAD46ED4C589}.Release|Any CPU.ActiveCfg = Release|Any CPU
		{B38584DF-11DB-4B38-A65A-EAD46ED4C589}.Release|Any CPU.Build.0 = Release|Any CPU
		{BDA224D5-3DD3-45FE-87CE-FB2B0918BE6D}.Debug|Any CPU.ActiveCfg = Debug|Any CPU
		{BDA224D5-3DD3-45FE-87CE-FB2B0918BE6D}.Debug|Any CPU.Build.0 = Debug|Any CPU
		{BDA224D5-3DD3-45FE-87CE-FB2B0918BE6D}.Release|Any CPU.ActiveCfg = Release|Any CPU
		{BDA224D5-3DD3-45FE-87CE-FB2B0918BE6D}.Release|Any CPU.Build.0 = Release|Any CPU
		{065E027D-44F2-4136-9293-4360805F738D}.Debug|Any CPU.ActiveCfg = Debug|Any CPU
		{065E027D-44F2-4136-9293-4360805F738D}.Debug|Any CPU.Build.0 = Debug|Any CPU
		{065E027D-44F2-4136-9293-4360805F738D}.Release|Any CPU.ActiveCfg = Release|Any CPU
		{065E027D-44F2-4136-9293-4360805F738D}.Release|Any CPU.Build.0 = Release|Any CPU
		{A91A525F-7265-4E89-A64F-39E793B26C59}.Debug|Any CPU.ActiveCfg = Debug|Any CPU
		{A91A525F-7265-4E89-A64F-39E793B26C59}.Debug|Any CPU.Build.0 = Debug|Any CPU
		{A91A525F-7265-4E89-A64F-39E793B26C59}.Release|Any CPU.ActiveCfg = Release|Any CPU
		{A91A525F-7265-4E89-A64F-39E793B26C59}.Release|Any CPU.Build.0 = Release|Any CPU
		{781BD80D-9571-4A9E-A98D-DC03E09F9C4F}.Debug|Any CPU.ActiveCfg = Debug|Any CPU
		{781BD80D-9571-4A9E-A98D-DC03E09F9C4F}.Debug|Any CPU.Build.0 = Debug|Any CPU
		{781BD80D-9571-4A9E-A98D-DC03E09F9C4F}.Release|Any CPU.ActiveCfg = Release|Any CPU
		{781BD80D-9571-4A9E-A98D-DC03E09F9C4F}.Release|Any CPU.Build.0 = Release|Any CPU
		{86DA4DDF-E3D3-41CC-AF74-A6E1E8F06064}.Debug|Any CPU.ActiveCfg = Debug|Any CPU
		{86DA4DDF-E3D3-41CC-AF74-A6E1E8F06064}.Debug|Any CPU.Build.0 = Debug|Any CPU
		{86DA4DDF-E3D3-41CC-AF74-A6E1E8F06064}.Release|Any CPU.ActiveCfg = Release|Any CPU
		{86DA4DDF-E3D3-41CC-AF74-A6E1E8F06064}.Release|Any CPU.Build.0 = Release|Any CPU
	EndGlobalSection
	GlobalSection(SolutionProperties) = preSolution
		HideSolutionNode = FALSE
	EndGlobalSection
	GlobalSection(ExtensibilityGlobals) = postSolution
		SolutionGuid = {1BE42BFE-090C-4DE8-82DC-297907A6050E}
	EndGlobalSection
	GlobalSection(NestedProjects) = preSolution
		{065E027D-44F2-4136-9293-4360805F738D} = {1A402FCD-AF30-436A-AEB6-30D1C65C7D14}
		{A91A525F-7265-4E89-A64F-39E793B26C59} = {1A402FCD-AF30-436A-AEB6-30D1C65C7D14}
		{86DA4DDF-E3D3-41CC-AF74-A6E1E8F06064} = {1A402FCD-AF30-436A-AEB6-30D1C65C7D14}
	EndGlobalSection
EndGlobal
